
Microsoft Visual Studio Solution File, Format Version 12.00
# Visual Studio 15
VisualStudioVersion = 15.0.26730.16
MinimumVisualStudioVersion = 10.0.40219.1
Project("{2150E333-8FDC-42A3-9474-1A3956D46DE8}") = "0 - Presentation", "0 - Presentation", "{D9366B52-08F9-42D7-B6E9-A28B8DF593A5}"
EndProject
Project("{2150E333-8FDC-42A3-9474-1A3956D46DE8}") = "2 - Application", "2 - Application", "{6DF9E76E-2433-45B8-BCEE-87B7AFF5A98E}"
EndProject
Project("{2150E333-8FDC-42A3-9474-1A3956D46DE8}") = "3 - Domain", "3 - Domain", "{EF528734-A625-4663-9DCF-25FE288DD2ED}"
EndProject
Project("{2150E333-8FDC-42A3-9474-1A3956D46DE8}") = "4 - Infra", "4 - Infra", "{F4638698-88BC-4EEA-8162-7E76E1B609D0}"
EndProject
Project("{2150E333-8FDC-42A3-9474-1A3956D46DE8}") = "4.1 - Data", "4.1 - Data", "{8195999A-AB05-4D5C-B7B6-668E6058A39F}"
EndProject
Project("{2150E333-8FDC-42A3-9474-1A3956D46DE8}") = "1 - Services", "1 - Services", "{EE179452-84B9-482C-9B15-53E64539255D}"
EndProject
Project("{2150E333-8FDC-42A3-9474-1A3956D46DE8}") = "4.2 - CrossCutting", "4.2 - CrossCutting", "{44D68367-DC16-47B3-80B0-38B1A502F9C8}"
EndProject
Project("{FAE04EC0-301F-11D3-BF4B-00C04F79EFBC}") = "SoT.Infra.Data", "src\SoT.Infra.Data\SoT.Infra.Data.csproj", "{BFDCEB5C-BBF8-4758-B81D-39125116F50A}"
EndProject
Project("{FAE04EC0-301F-11D3-BF4B-00C04F79EFBC}") = "SoT.Domain", "src\SoT.Domain\SoT.Domain.csproj", "{71DCA81A-C687-4568-BB2D-78972C8B7B15}"
EndProject
Project("{FAE04EC0-301F-11D3-BF4B-00C04F79EFBC}") = "SoT.Application", "src\SoT.Application\SoT.Application.csproj", "{3F2CD304-9FFD-454D-9F83-498D3543874B}"
EndProject
Project("{FAE04EC0-301F-11D3-BF4B-00C04F79EFBC}") = "SoT.Presentation.UI.MVC", "src\SoT.Presentation.UI.MVC\SoT.Presentation.UI.MVC.csproj", "{47946650-64FD-4908-BE85-EDC2111DC51C}"
EndProject
Project("{FAE04EC0-301F-11D3-BF4B-00C04F79EFBC}") = "SoT.Infra.CrossCutting.IoC", "src\SoT.Infra,CrossCutting.IoC\SoT.Infra.CrossCutting.IoC.csproj", "{5DCEED43-B670-403F-A350-CF8110B336D4}"
EndProject
Project("{FAE04EC0-301F-11D3-BF4B-00C04F79EFBC}") = "SoT.Services.WebAPI", "src\SoT.Services.WebAPI\SoT.Services.WebAPI.csproj", "{8D45997B-BD11-4BF3-B1D2-28F5F075607D}"
EndProject
Project("{FAE04EC0-301F-11D3-BF4B-00C04F79EFBC}") = "SoT.Infra.CrossCutting.Filters", "src\SoT.Infra.CrossCutting.Filters\SoT.Infra.CrossCutting.Filters.csproj", "{CC8776E9-7E56-4944-8E73-915024F77415}"
EndProject
Project("{FAE04EC0-301F-11D3-BF4B-00C04F79EFBC}") = "SoT.Domain.Tests", "src\SoT.Domain.Tests\SoT.Domain.Tests.csproj", "{034837F1-9E63-43D1-BFC2-34CC9E04BE09}"
EndProject
Project("{FAE04EC0-301F-11D3-BF4B-00C04F79EFBC}") = "SoT.Infra.CrossCutting.Identity", "src\SoT.Infra.CrossCutting.Identity\SoT.Infra.CrossCutting.Identity.csproj", "{95A34CFD-7D6F-453E-BA00-68E4AD1DAE82}"
EndProject
Project("{FAE04EC0-301F-11D3-BF4B-00C04F79EFBC}") = "SoT.Infra.CrossCutting.MvcFilters", "src\SoT.Infra.CrossCutting.MvcFilters\SoT.Infra.CrossCutting.MvcFilters.csproj", "{A9E36224-67BD-4B08-8FF3-C9721256A8EF}"
EndProject
Global
	GlobalSection(SolutionConfigurationPlatforms) = preSolution
		Debug|Any CPU = Debug|Any CPU
		Release|Any CPU = Release|Any CPU
	EndGlobalSection
	GlobalSection(ProjectConfigurationPlatforms) = postSolution
		{BFDCEB5C-BBF8-4758-B81D-39125116F50A}.Debug|Any CPU.ActiveCfg = Debug|Any CPU
		{BFDCEB5C-BBF8-4758-B81D-39125116F50A}.Debug|Any CPU.Build.0 = Debug|Any CPU
		{BFDCEB5C-BBF8-4758-B81D-39125116F50A}.Release|Any CPU.ActiveCfg = Release|Any CPU
		{BFDCEB5C-BBF8-4758-B81D-39125116F50A}.Release|Any CPU.Build.0 = Release|Any CPU
		{71DCA81A-C687-4568-BB2D-78972C8B7B15}.Debug|Any CPU.ActiveCfg = Debug|Any CPU
		{71DCA81A-C687-4568-BB2D-78972C8B7B15}.Debug|Any CPU.Build.0 = Debug|Any CPU
		{71DCA81A-C687-4568-BB2D-78972C8B7B15}.Release|Any CPU.ActiveCfg = Release|Any CPU
		{71DCA81A-C687-4568-BB2D-78972C8B7B15}.Release|Any CPU.Build.0 = Release|Any CPU
		{3F2CD304-9FFD-454D-9F83-498D3543874B}.Debug|Any CPU.ActiveCfg = Debug|Any CPU
		{3F2CD304-9FFD-454D-9F83-498D3543874B}.Debug|Any CPU.Build.0 = Debug|Any CPU
		{3F2CD304-9FFD-454D-9F83-498D3543874B}.Release|Any CPU.ActiveCfg = Release|Any CPU
		{3F2CD304-9FFD-454D-9F83-498D3543874B}.Release|Any CPU.Build.0 = Release|Any CPU
		{47946650-64FD-4908-BE85-EDC2111DC51C}.Debug|Any CPU.ActiveCfg = Debug|Any CPU
		{47946650-64FD-4908-BE85-EDC2111DC51C}.Debug|Any CPU.Build.0 = Debug|Any CPU
		{47946650-64FD-4908-BE85-EDC2111DC51C}.Release|Any CPU.ActiveCfg = Release|Any CPU
		{47946650-64FD-4908-BE85-EDC2111DC51C}.Release|Any CPU.Build.0 = Release|Any CPU
		{5DCEED43-B670-403F-A350-CF8110B336D4}.Debug|Any CPU.ActiveCfg = Debug|Any CPU
		{5DCEED43-B670-403F-A350-CF8110B336D4}.Debug|Any CPU.Build.0 = Debug|Any CPU
		{5DCEED43-B670-403F-A350-CF8110B336D4}.Release|Any CPU.ActiveCfg = Release|Any CPU
		{5DCEED43-B670-403F-A350-CF8110B336D4}.Release|Any CPU.Build.0 = Release|Any CPU
		{8D45997B-BD11-4BF3-B1D2-28F5F075607D}.Debug|Any CPU.ActiveCfg = Debug|Any CPU
		{8D45997B-BD11-4BF3-B1D2-28F5F075607D}.Debug|Any CPU.Build.0 = Debug|Any CPU
		{8D45997B-BD11-4BF3-B1D2-28F5F075607D}.Release|Any CPU.ActiveCfg = Release|Any CPU
		{8D45997B-BD11-4BF3-B1D2-28F5F075607D}.Release|Any CPU.Build.0 = Release|Any CPU
		{CC8776E9-7E56-4944-8E73-915024F77415}.Debug|Any CPU.ActiveCfg = Debug|Any CPU
		{CC8776E9-7E56-4944-8E73-915024F77415}.Debug|Any CPU.Build.0 = Debug|Any CPU
		{CC8776E9-7E56-4944-8E73-915024F77415}.Release|Any CPU.ActiveCfg = Release|Any CPU
		{CC8776E9-7E56-4944-8E73-915024F77415}.Release|Any CPU.Build.0 = Release|Any CPU
		{034837F1-9E63-43D1-BFC2-34CC9E04BE09}.Debug|Any CPU.ActiveCfg = Debug|Any CPU
		{034837F1-9E63-43D1-BFC2-34CC9E04BE09}.Debug|Any CPU.Build.0 = Debug|Any CPU
		{034837F1-9E63-43D1-BFC2-34CC9E04BE09}.Release|Any CPU.ActiveCfg = Release|Any CPU
		{034837F1-9E63-43D1-BFC2-34CC9E04BE09}.Release|Any CPU.Build.0 = Release|Any CPU
		{95A34CFD-7D6F-453E-BA00-68E4AD1DAE82}.Debug|Any CPU.ActiveCfg = Debug|Any CPU
		{95A34CFD-7D6F-453E-BA00-68E4AD1DAE82}.Debug|Any CPU.Build.0 = Debug|Any CPU
		{95A34CFD-7D6F-453E-BA00-68E4AD1DAE82}.Release|Any CPU.ActiveCfg = Release|Any CPU
		{95A34CFD-7D6F-453E-BA00-68E4AD1DAE82}.Release|Any CPU.Build.0 = Release|Any CPU
		{A9E36224-67BD-4B08-8FF3-C9721256A8EF}.Debug|Any CPU.ActiveCfg = Debug|Any CPU
		{A9E36224-67BD-4B08-8FF3-C9721256A8EF}.Debug|Any CPU.Build.0 = Debug|Any CPU
		{A9E36224-67BD-4B08-8FF3-C9721256A8EF}.Release|Any CPU.ActiveCfg = Release|Any CPU
		{A9E36224-67BD-4B08-8FF3-C9721256A8EF}.Release|Any CPU.Build.0 = Release|Any CPU
	EndGlobalSection
	GlobalSection(SolutionProperties) = preSolution
		HideSolutionNode = FALSE
	EndGlobalSection
	GlobalSection(NestedProjects) = preSolution
		{8195999A-AB05-4D5C-B7B6-668E6058A39F} = {F4638698-88BC-4EEA-8162-7E76E1B609D0}
		{44D68367-DC16-47B3-80B0-38B1A502F9C8} = {F4638698-88BC-4EEA-8162-7E76E1B609D0}
		{BFDCEB5C-BBF8-4758-B81D-39125116F50A} = {8195999A-AB05-4D5C-B7B6-668E6058A39F}
		{71DCA81A-C687-4568-BB2D-78972C8B7B15} = {EF528734-A625-4663-9DCF-25FE288DD2ED}
		{3F2CD304-9FFD-454D-9F83-498D3543874B} = {6DF9E76E-2433-45B8-BCEE-87B7AFF5A98E}
		{47946650-64FD-4908-BE85-EDC2111DC51C} = {D9366B52-08F9-42D7-B6E9-A28B8DF593A5}
		{5DCEED43-B670-403F-A350-CF8110B336D4} = {44D68367-DC16-47B3-80B0-38B1A502F9C8}
		{8D45997B-BD11-4BF3-B1D2-28F5F075607D} = {EE179452-84B9-482C-9B15-53E64539255D}
		{CC8776E9-7E56-4944-8E73-915024F77415} = {44D68367-DC16-47B3-80B0-38B1A502F9C8}
		{034837F1-9E63-43D1-BFC2-34CC9E04BE09} = {EF528734-A625-4663-9DCF-25FE288DD2ED}
		{95A34CFD-7D6F-453E-BA00-68E4AD1DAE82} = {44D68367-DC16-47B3-80B0-38B1A502F9C8}
		{A9E36224-67BD-4B08-8FF3-C9721256A8EF} = {44D68367-DC16-47B3-80B0-38B1A502F9C8}
	EndGlobalSection
	GlobalSection(ExtensibilityGlobals) = postSolution
		EnterpriseLibraryConfigurationToolBinariesPathV6 = packages\EnterpriseLibrary.Common.6.0.1304.0\lib\NET45;packages\EnterpriseLibrary.Data.6.0.1304.0\lib\NET45
		SolutionGuid = {0E1E4B21-021E-432F-8D4F-A60070A71357}
	EndGlobalSection
EndGlobal
